// !$*UTF8*$!
{
	archiveVersion = 1;
	classes = {
	};
	objectVersion = 46;
	objects = {

/* Begin PBXBuildFile section */
		1DF2C2B71A3E00AD00935B0B /* AppDelegate.swift in Sources */ = {isa = PBXBuildFile; fileRef = 1DF2C2B61A3E00AD00935B0B /* AppDelegate.swift */; };
		1DF2C2B91A3E00AD00935B0B /* ViewController.swift in Sources */ = {isa = PBXBuildFile; fileRef = 1DF2C2B81A3E00AD00935B0B /* ViewController.swift */; };
		1DF2C2BC1A3E00AD00935B0B /* Main.storyboard in Resources */ = {isa = PBXBuildFile; fileRef = 1DF2C2BA1A3E00AD00935B0B /* Main.storyboard */; };
		1DF2C2BE1A3E00AD00935B0B /* Images.xcassets in Resources */ = {isa = PBXBuildFile; fileRef = 1DF2C2BD1A3E00AD00935B0B /* Images.xcassets */; };
		1DF2C2C11A3E00AD00935B0B /* LaunchScreen.xib in Resources */ = {isa = PBXBuildFile; fileRef = 1DF2C2BF1A3E00AD00935B0B /* LaunchScreen.xib */; };
		1DF2C2CD1A3E00AD00935B0B /* Dog_yearsTests.swift in Sources */ = {isa = PBXBuildFile; fileRef = 1DF2C2CC1A3E00AD00935B0B /* Dog_yearsTests.swift */; };
/* End PBXBuildFile section */

/* Begin PBXContainerItemProxy section */
		1DF2C2C71A3E00AD00935B0B /* PBXContainerItemProxy */ = {
			isa = PBXContainerItemProxy;
			containerPortal = 1DF2C2A91A3E00AD00935B0B /* Project object */;
			proxyType = 1;
			remoteGlobalIDString = 1DF2C2B01A3E00AD00935B0B;
			remoteInfo = "Dog years";
		};
/* End PBXContainerItemProxy section */

/* Begin PBXFileReference section */
		1DF2C2B11A3E00AD00935B0B /* Dog years.app */ = {isa = PBXFileReference; explicitFileType = wrapper.application; includeInIndex = 0; path = "Dog years.app"; sourceTree = BUILT_PRODUCTS_DIR; };
		1DF2C2B51A3E00AD00935B0B /* Info.plist */ = {isa = PBXFileReference; lastKnownFileType = text.plist.xml; path = Info.plist; sourceTree = "<group>"; };
		1DF2C2B61A3E00AD00935B0B /* AppDelegate.swift */ = {isa = PBXFileReference; lastKnownFileType = sourcecode.swift; path = AppDelegate.swift; sourceTree = "<group>"; };
		1DF2C2B81A3E00AD00935B0B /* ViewController.swift */ = {isa = PBXFileReference; lastKnownFileType = sourcecode.swift; path = ViewController.swift; sourceTree = "<group>"; };
		1DF2C2BB1A3E00AD00935B0B /* Base */ = {isa = PBXFileReference; lastKnownFileType = file.storyboard; name = Base; path = Base.lproj/Main.storyboard; sourceTree = "<group>"; };
		1DF2C2BD1A3E00AD00935B0B /* Images.xcassets */ = {isa = PBXFileReference; lastKnownFileType = folder.assetcatalog; path = Images.xcassets; sourceTree = "<group>"; };
		1DF2C2C01A3E00AD00935B0B /* Base */ = {isa = PBXFileReference; lastKnownFileType = file.xib; name = Base; path = Base.lproj/LaunchScreen.xib; sourceTree = "<group>"; };
		1DF2C2C61A3E00AD00935B0B /* Dog yearsTests.xctest */ = {isa = PBXFileReference; explicitFileType = wrapper.cfbundle; includeInIndex = 0; path = "Dog yearsTests.xctest"; sourceTree = BUILT_PRODUCTS_DIR; };
		1DF2C2CB1A3E00AD00935B0B /* Info.plist */ = {isa = PBXFileReference; lastKnownFileType = text.plist.xml; path = Info.plist; sourceTree = "<group>"; };
		1DF2C2CC1A3E00AD00935B0B /* Dog_yearsTests.swift */ = {isa = PBXFileReference; lastKnownFileType = sourcecode.swift; path = Dog_yearsTests.swift; sourceTree = "<group>"; };
/* End PBXFileReference section */

/* Begin PBXFrameworksBuildPhase section */
		1DF2C2AE1A3E00AD00935B0B /* Frameworks */ = {
			isa = PBXFrameworksBuildPhase;
			buildActionMask = 2147483647;
			files = (
			);
			runOnlyForDeploymentPostprocessing = 0;
		};
		1DF2C2C31A3E00AD00935B0B /* Frameworks */ = {
			isa = PBXFrameworksBuildPhase;
			buildActionMask = 2147483647;
			files = (
			);
			runOnlyForDeploymentPostprocessing = 0;
		};
/* End PBXFrameworksBuildPhase section */

/* Begin PBXGroup section */
		1DF2C2A81A3E00AD00935B0B = {
			isa = PBXGroup;
			children = (
				1DF2C2B31A3E00AD00935B0B /* Dog years */,
				1DF2C2C91A3E00AD00935B0B /* Dog yearsTests */,
				1DF2C2B21A3E00AD00935B0B /* Products */,
			);
			sourceTree = "<group>";
		};
		1DF2C2B21A3E00AD00935B0B /* Products */ = {
			isa = PBXGroup;
			children = (
				1DF2C2B11A3E00AD00935B0B /* Dog years.app */,
				1DF2C2C61A3E00AD00935B0B /* Dog yearsTests.xctest */,
			);
			name = Products;
			sourceTree = "<group>";
		};
		1DF2C2B31A3E00AD00935B0B /* Dog years */ = {
			isa = PBXGroup;
			children = (
				1DF2C2B61A3E00AD00935B0B /* AppDelegate.swift */,
				1DF2C2B81A3E00AD00935B0B /* ViewController.swift */,
				1DF2C2BA1A3E00AD00935B0B /* Main.storyboard */,
				1DF2C2BD1A3E00AD00935B0B /* Images.xcassets */,
				1DF2C2BF1A3E00AD00935B0B /* LaunchScreen.xib */,
				1DF2C2B41A3E00AD00935B0B /* Supporting Files */,
			);
			path = "Dog years";
			sourceTree = "<group>";
		};
		1DF2C2B41A3E00AD00935B0B /* Supporting Files */ = {
			isa = PBXGroup;
			children = (
				1DF2C2B51A3E00AD00935B0B /* Info.plist */,
			);
			name = "Supporting Files";
			sourceTree = "<group>";
		};
		1DF2C2C91A3E00AD00935B0B /* Dog yearsTests */ = {
			isa = PBXGroup;
			children = (
				1DF2C2CC1A3E00AD00935B0B /* Dog_yearsTests.swift */,
				1DF2C2CA1A3E00AD00935B0B /* Supporting Files */,
			);
			path = "Dog yearsTests";
			sourceTree = "<group>";
		};
		1DF2C2CA1A3E00AD00935B0B /* Supporting Files */ = {
			isa = PBXGroup;
			children = (
				1DF2C2CB1A3E00AD00935B0B /* Info.plist */,
			);
			name = "Supporting Files";
			sourceTree = "<group>";
		};
/* End PBXGroup section */

/* Begin PBXNativeTarget section */
		1DF2C2B01A3E00AD00935B0B /* Dog years */ = {
			isa = PBXNativeTarget;
			buildConfigurationList = 1DF2C2D01A3E00AD00935B0B /* Build configuration list for PBXNativeTarget "Dog years" */;
			buildPhases = (
				1DF2C2AD1A3E00AD00935B0B /* Sources */,
				1DF2C2AE1A3E00AD00935B0B /* Frameworks */,
				1DF2C2AF1A3E00AD00935B0B /* Resources */,
			);
			buildRules = (
			);
			dependencies = (
			);
			name = "Dog years";
			productName = "Dog years";
			productReference = 1DF2C2B11A3E00AD00935B0B /* Dog years.app */;
			productType = "com.apple.product-type.application";
		};
		1DF2C2C51A3E00AD00935B0B /* Dog yearsTests */ = {
			isa = PBXNativeTarget;
			buildConfigurationList = 1DF2C2D31A3E00AD00935B0B /* Build configuration list for PBXNativeTarget "Dog yearsTests" */;
			buildPhases = (
				1DF2C2C21A3E00AD00935B0B /* Sources */,
				1DF2C2C31A3E00AD00935B0B /* Frameworks */,
				1DF2C2C41A3E00AD00935B0B /* Resources */,
			);
			buildRules = (
			);
			dependencies = (
				1DF2C2C81A3E00AD00935B0B /* PBXTargetDependency */,
			);
			name = "Dog yearsTests";
			productName = "Dog yearsTests";
			productReference = 1DF2C2C61A3E00AD00935B0B /* Dog yearsTests.xctest */;
			productType = "com.apple.product-type.bundle.unit-test";
		};
/* End PBXNativeTarget section */

/* Begin PBXProject section */
		1DF2C2A91A3E00AD00935B0B /* Project object */ = {
			isa = PBXProject;
			attributes = {
				LastUpgradeCheck = 0610;
				ORGANIZATIONNAME = "___nhatmap___";
				TargetAttributes = {
					1DF2C2B01A3E00AD00935B0B = {
						CreatedOnToolsVersion = 6.1.1;
					};
					1DF2C2C51A3E00AD00935B0B = {
						CreatedOnToolsVersion = 6.1.1;
						TestTargetID = 1DF2C2B01A3E00AD00935B0B;
					};
				};
			};
			buildConfigurationList = 1DF2C2AC1A3E00AD00935B0B /* Build configuration list for PBXProject "Dog years" */;
			compatibilityVersion = "Xcode 3.2";
			developmentRegion = English;
			hasScannedForEncodings = 0;
			knownRegions = (
				en,
				Base,
			);
			mainGroup = 1DF2C2A81A3E00AD00935B0B;
			productRefGroup = 1DF2C2B21A3E00AD00935B0B /* Products */;
			projectDirPath = "";
			projectRoot = "";
			targets = (
				1DF2C2B01A3E00AD00935B0B /* Dog years */,
				1DF2C2C51A3E00AD00935B0B /* Dog yearsTests */,
			);
		};
/* End PBXProject section */

/* Begin PBXResourcesBuildPhase section */
		1DF2C2AF1A3E00AD00935B0B /* Resources */ = {
			isa = PBXResourcesBuildPhase;
			buildActionMask = 2147483647;
			files = (
				1DF2C2BC1A3E00AD00935B0B /* Main.storyboard in Resources */,
				1DF2C2C11A3E00AD00935B0B /* LaunchScreen.xib in Resources */,
				1DF2C2BE1A3E00AD00935B0B /* Images.xcassets in Resources */,
			);
			runOnlyForDeploymentPostprocessing = 0;
		};
		1DF2C2C41A3E00AD00935B0B /* Resources */ = {
			isa = PBXResourcesBuildPhase;
			buildActionMask = 2147483647;
			files = (
			);
			runOnlyForDeploymentPostprocessing = 0;
		};
/* End PBXResourcesBuildPhase section */

/* Begin PBXSourcesBuildPhase section */
		1DF2C2AD1A3E00AD00935B0B /* Sources */ = {
			isa = PBXSourcesBuildPhase;
			buildActionMask = 2147483647;
			files = (
				1DF2C2B91A3E00AD00935B0B /* ViewController.swift in Sources */,
				1DF2C2B71A3E00AD00935B0B /* AppDelegate.swift in Sources */,
			);
			runOnlyForDeploymentPostprocessing = 0;
		};
		1DF2C2C21A3E00AD00935B0B /* Sources */ = {
			isa = PBXSourcesBuildPhase;
			buildActionMask = 2147483647;
			files = (
				1DF2C2CD1A3E00AD00935B0B /* Dog_yearsTests.swift in Sources */,
			);
			runOnlyForDeploymentPostprocessing = 0;
		};
/* End PBXSourcesBuildPhase section */

/* Begin PBXTargetDependency section */
		1DF2C2C81A3E00AD00935B0B /* PBXTargetDependency */ = {
			isa = PBXTargetDependency;
			target = 1DF2C2B01A3E00AD00935B0B /* Dog years */;
			targetProxy = 1DF2C2C71A3E00AD00935B0B /* PBXContainerItemProxy */;
		};
/* End PBXTargetDependency section */

/* Begin PBXVariantGroup section */
		1DF2C2BA1A3E00AD00935B0B /* Main.storyboard */ = {
			isa = PBXVariantGroup;
			children = (
				1DF2C2BB1A3E00AD00935B0B /* Base */,
			);
			name = Main.storyboard;
			sourceTree = "<group>";
		};
		1DF2C2BF1A3E00AD00935B0B /* LaunchScreen.xib */ = {
			isa = PBXVariantGroup;
			children = (
				1DF2C2C01A3E00AD00935B0B /* Base */,
			);
			name = LaunchScreen.xib;
			sourceTree = "<group>";
		};
/* End PBXVariantGroup section */

/* Begin XCBuildConfiguration section */
		1DF2C2CE1A3E00AD00935B0B /* Debug */ = {
			isa = XCBuildConfiguration;
			buildSettings = {
				ALWAYS_SEARCH_USER_PATHS = NO;
				CLANG_CXX_LANGUAGE_STANDARD = "gnu++0x";
				CLANG_CXX_LIBRARY = "libc++";
				CLANG_ENABLE_MODULES = YES;
				CLANG_ENABLE_OBJC_ARC = YES;
				CLANG_WARN_BOOL_CONVERSION = YES;
				CLANG_WARN_CONSTANT_CONVERSION = YES;
				CLANG_WARN_DIRECT_OBJC_ISA_USAGE = YES_ERROR;
				CLANG_WARN_EMPTY_BODY = YES;
				CLANG_WARN_ENUM_CONVERSION = YES;
				CLANG_WARN_INT_CONVERSION = YES;
				CLANG_WARN_OBJC_ROOT_CLASS = YES_ERROR;
				CLANG_WARN_UNREACHABLE_CODE = YES;
				CLANG_WARN__DUPLICATE_METHOD_MATCH = YES;
				"CODE_SIGN_IDENTITY[sdk=iphoneos*]" = "iPhone Developer";
				COPY_PHASE_STRIP = NO;
				ENABLE_STRICT_OBJC_MSGSEND = YES;
				GCC_C_LANGUAGE_STANDARD = gnu99;
				GCC_DYNAMIC_NO_PIC = NO;
				GCC_OPTIMIZATION_LEVEL = 0;
				GCC_PREPROCESSOR_DEFINITIONS = (
					"DEBUG=1",
					"$(inherited)",
				);
				GCC_SYMBOLS_PRIVATE_EXTERN = NO;
				GCC_WARN_64_TO_32_BIT_CONVERSION = YES;
				GCC_WARN_ABOUT_RETURN_TYPE = YES_ERROR;
				GCC_WARN_UNDECLARED_SELECTOR = YES;
				GCC_WARN_UNINITIALIZED_AUTOS = YES_AGGRESSIVE;
				GCC_WARN_UNUSED_FUNCTION = YES;
				GCC_WARN_UNUSED_VARIABLE = YES;
				IPHONEOS_DEPLOYMENT_TARGET = 8.1;
				MTL_ENABLE_DEBUG_INFO = YES;
				ONLY_ACTIVE_ARCH = YES;
				SDKROOT = iphoneos;
				SWIFT_OPTIMIZATION_LEVEL = "-Onone";
				TARGETED_DEVICE_FAMILY = "1,2";
			};
			name = Debug;
		};
		1DF2C2CF1A3E00AD00935B0B /* Release */ = {
			isa = XCBuildConfiguration;
			buildSettings = {
				ALWAYS_SEARCH_USER_PATHS = NO;
				CLANG_CXX_LANGUAGE_STANDARD = "gnu++0x";
				CLANG_CXX_LIBRARY = "libc++";
				CLANG_ENABLE_MODULES = YES;
				CLANG_ENABLE_OBJC_ARC = YES;
				CLANG_WARN_BOOL_CONVERSION = YES;
				CLANG_WARN_CONSTANT_CONVERSION = YES;
				CLANG_WARN_DIRECT_OBJC_ISA_USAGE = YES_ERROR;
				CLANG_WARN_EMPTY_BODY = YES;
				CLANG_WARN_ENUM_CONVERSION = YES;
				CLANG_WARN_INT_CONVERSION = YES;
				CLANG_WARN_OBJC_ROOT_CLASS = YES_ERROR;
				CLANG_WARN_UNREACHABLE_CODE = YES;
				CLANG_WARN__DUPLICATE_METHOD_MATCH = YES;
				"CODE_SIGN_IDENTITY[sdk=iphoneos*]" = "iPhone Developer";
				COPY_PHASE_STRIP = YES;
				ENABLE_NS_ASSERTIONS = NO;
				ENABLE_STRICT_OBJC_MSGSEND = YES;
				GCC_C_LANGUAGE_STANDARD = gnu99;
				GCC_WARN_64_TO_32_BIT_CONVERSION = YES;
				GCC_WARN_ABOUT_RETURN_TYPE = YES_ERROR;
				GCC_WARN_UNDECLARED_SELECTOR = YES;
				GCC_WARN_UNINITIALIZED_AUTOS = YES_AGGRESSIVE;
				GCC_WARN_UNUSED_FUNCTION = YES;
				GCC_WARN_UNUSED_VARIABLE = YES;
				IPHONEOS_DEPLOYMENT_TARGET = 8.1;
				MTL_ENABLE_DEBUG_INFO = NO;
				SDKROOT = iphoneos;
				TARGETED_DEVICE_FAMILY = "1,2";
				VALIDATE_PRODUCT = YES;
			};
			name = Release;
		};
		1DF2C2D11A3E00AD00935B0B /* Debug */ = {
			isa = XCBuildConfiguration;
			buildSettings = {
				ASSETCATALOG_COMPILER_APPICON_NAME = AppIcon;
				INFOPLIST_FILE = "Dog years/Info.plist";
				LD_RUNPATH_SEARCH_PATHS = "$(inherited) @executable_path/Frameworks";
				PRODUCT_NAME = "$(TARGET_NAME)";
			};
			name = Debug;
		};
		1DF2C2D21A3E00AD00935B0B /* Release */ = {
			isa = XCBuildConfiguration;
			buildSettings = {
				ASSETCATALOG_COMPILER_APPICON_NAME = AppIcon;
				INFOPLIST_FILE = "Dog years/Info.plist";
				LD_RUNPATH_SEARCH_PATHS = "$(inherited) @executable_path/Frameworks";
				PRODUCT_NAME = "$(TARGET_NAME)";
			};
			name = Release;
		};
		1DF2C2D41A3E00AD00935B0B /* Debug */ = {
			isa = XCBuildConfiguration;
			buildSettings = {
				BUNDLE_LOADER = "$(TEST_HOST)";
				FRAMEWORK_SEARCH_PATHS = (
					"$(SDKROOT)/Developer/Library/Frameworks",
					"$(inherited)",
				);
				GCC_PREPROCESSOR_DEFINITIONS = (
					"DEBUG=1",
					"$(inherited)",
				);
				INFOPLIST_FILE = "Dog yearsTests/Info.plist";
				LD_RUNPATH_SEARCH_PATHS = "$(inherited) @executable_path/Frameworks @loader_path/Frameworks";
				PRODUCT_NAME = "$(TARGET_NAME)";
				TEST_HOST = "$(BUILT_PRODUCTS_DIR)/Dog years.app/Dog years";
			};
			name = Debug;
		};
		1DF2C2D51A3E00AD00935B0B /* Release */ = {
			isa = XCBuildConfiguration;
			buildSettings = {
				BUNDLE_LOADER = "$(TEST_HOST)";
				FRAMEWORK_SEARCH_PATHS = (
					"$(SDKROOT)/Developer/Library/Frameworks",
					"$(inherited)",
				);
				INFOPLIST_FILE = "Dog yearsTests/Info.plist";
				LD_RUNPATH_SEARCH_PATHS = "$(inherited) @executable_path/Frameworks @loader_path/Frameworks";
				PRODUCT_NAME = "$(TARGET_NAME)";
				TEST_HOST = "$(BUILT_PRODUCTS_DIR)/Dog years.app/Dog years";
			};
			name = Release;
		};
/* End XCBuildConfiguration section */

/* Begin XCConfigurationList section */
		1DF2C2AC1A3E00AD00935B0B /* Build configuration list for PBXProject "Dog years" */ = {
			isa = XCConfigurationList;
			buildConfigurations = (
				1DF2C2CE1A3E00AD00935B0B /* Debug */,
				1DF2C2CF1A3E00AD00935B0B /* Release */,
			);
			defaultConfigurationIsVisible = 0;
			defaultConfigurationName = Release;
		};
		1DF2C2D01A3E00AD00935B0B /* Build configuration list for PBXNativeTarget "Dog years" */ = {
			isa = XCConfigurationList;
			buildConfigurations = (
				1DF2C2D11A3E00AD00935B0B /* Debug */,
				1DF2C2D21A3E00AD00935B0B /* Release */,
			);
			defaultConfigurationIsVisible = 0;
		};
		1DF2C2D31A3E00AD00935B0B /* Build configuration list for PBXNativeTarget "Dog yearsTests" */ = {
			isa = XCConfigurationList;
			buildConfigurations = (
				1DF2C2D41A3E00AD00935B0B /* Debug */,
				1DF2C2D51A3E00AD00935B0B /* Release */,
			);
			defaultConfigurationIsVisible = 0;
		};
/* End XCConfigurationList section */
	};
	rootObject = 1DF2C2A91A3E00AD00935B0B /* Project object */;
}
